
Microsoft Visual Studio Solution File, Format Version 10.00
# Visual Studio 2008
Project("{8BC9CEB8-8B4A-11D0-8D11-00A0C91BC942}") = "transfer", "Transfer.vcproj", "{AFAC911B-AB7F-4C1A-97A3-B02C5DD8FC9C}"
EndProject
Global
	GlobalSection(SolutionConfigurationPlatforms) = preSolution
		Debug|Win32 = Debug|Win32
		Release|Win32 = Release|Win32
	EndGlobalSection
	GlobalSection(ProjectConfigurationPlatforms) = postSolution
		{AFAC911B-AB7F-4C1A-97A3-B02C5DD8FC9C}.Debug|Win32.ActiveCfg = Debug|Win32
		{AFAC911B-AB7F-4C1A-97A3-B02C5DD8FC9C}.Debug|Win32.Build.0 = Debug|Win32
		{AFAC911B-AB7F-4C1A-97A3-B02C5DD8FC9C}.Release|Win32.ActiveCfg = Release|Win32
		{AFAC911B-AB7F-4C1A-97A3-B02C5DD8FC9C}.Release|Win32.Build.0 = Release|Win32
	EndGlobalSection
	GlobalSection(SolutionProperties) = preSolution
		HideSolutionNode = FALSE
	EndGlobalSection
EndGlobal
