
Microsoft Visual Studio Solution File, Format Version 10.00
# Visual Studio 2008
Project("{8BC9CEB8-8B4A-11D0-8D11-00A0C91BC942}") = "sdu", "sdu\sdu.vcproj", "{641C5D2A-7104-4A7E-9BC2-7133CF4DE11B}"
EndProject
Project("{8BC9CEB8-8B4A-11D0-8D11-00A0C91BC942}") = "gameserver", "gameserver\gameserver.vcproj", "{581B8EEF-8D41-0000-0000-000000000000}"
	ProjectSection(ProjectDependencies) = postProject
		{6DC6401D-5242-4934-9F9C-1B85F6C3400E} = {6DC6401D-5242-4934-9F9C-1B85F6C3400E}
	EndProjectSection
EndProject
Project("{8BC9CEB8-8B4A-11D0-8D11-00A0C91BC942}") = "collision", "collision\collision.vcproj", "{E927FA1A-F2A4-4EDC-A514-291ABFF97EDC}"
	ProjectSection(ProjectDependencies) = postProject
		{641C5D2A-7104-4A7E-9BC2-7133CF4DE11B} = {641C5D2A-7104-4A7E-9BC2-7133CF4DE11B}
		{C3A3F18C-0254-4FF7-8890-3C2422DA7957} = {C3A3F18C-0254-4FF7-8890-3C2422DA7957}
	EndProjectSection
EndProject
Project("{8BC9CEB8-8B4A-11D0-8D11-00A0C91BC942}") = "tinyxml", "tinyxml\tinyxml.vcproj", "{C3A3F18C-0254-4FF7-8890-3C2422DA7957}"
EndProject
Project("{8BC9CEB8-8B4A-11D0-8D11-00A0C91BC942}") = "transfer", "transfer\Transfer.vcproj", "{AFAC911B-AB7F-4C1A-97A3-B02C5DD8FC9C}"
	ProjectSection(ProjectDependencies) = postProject
		{DCDA2A14-EFC8-4CDD-AFA2-C5081AF4551A} = {DCDA2A14-EFC8-4CDD-AFA2-C5081AF4551A}
		{641C5D2A-7104-4A7E-9BC2-7133CF4DE11B} = {641C5D2A-7104-4A7E-9BC2-7133CF4DE11B}
		{C3A3F18C-0254-4FF7-8890-3C2422DA7957} = {C3A3F18C-0254-4FF7-8890-3C2422DA7957}
		{629A07CF-EF39-40E8-A17B-FF71D607B229} = {629A07CF-EF39-40E8-A17B-FF71D607B229}
	EndProjectSection
EndProject
Project("{8BC9CEB8-8B4A-11D0-8D11-00A0C91BC942}") = "centerserver", "centerserver\centerserver.vcproj", "{CAFDE931-1D40-4C0E-B04B-EAEFB07FAB3F}"
	ProjectSection(ProjectDependencies) = postProject
		{AFAC911B-AB7F-4C1A-97A3-B02C5DD8FC9C} = {AFAC911B-AB7F-4C1A-97A3-B02C5DD8FC9C}
		{B84F7231-16CE-41D8-8C08-7B523FF4225B} = {B84F7231-16CE-41D8-8C08-7B523FF4225B}
		{847599E4-D51E-4339-81C2-CF1F84B0485C} = {847599E4-D51E-4339-81C2-CF1F84B0485C}
	EndProjectSection
EndProject
Project("{8BC9CEB8-8B4A-11D0-8D11-00A0C91BC942}") = "net_manager", "net_manager\net_manager.vcproj", "{629A07CF-EF39-40E8-A17B-FF71D607B229}"
EndProject
Project("{8BC9CEB8-8B4A-11D0-8D11-00A0C91BC942}") = "gateserver", "gateserver\gateserver.vcproj", "{581B8EEF-8D41-445E-A83A-3024285F6DF9}"
	ProjectSection(ProjectDependencies) = postProject
		{DCDA2A14-EFC8-4CDD-AFA2-C5081AF4551A} = {DCDA2A14-EFC8-4CDD-AFA2-C5081AF4551A}
		{AFAC911B-AB7F-4C1A-97A3-B02C5DD8FC9C} = {AFAC911B-AB7F-4C1A-97A3-B02C5DD8FC9C}
		{847599E4-D51E-4339-81C2-CF1F84B0485C} = {847599E4-D51E-4339-81C2-CF1F84B0485C}
	EndProjectSection
EndProject
Project("{8BC9CEB8-8B4A-11D0-8D11-00A0C91BC942}") = "pcre", "pcre\pcre.vcproj", "{C2C76108-38AB-4029-8B53-C4385C4E53F0}"
EndProject
Project("{8BC9CEB8-8B4A-11D0-8D11-00A0C91BC942}") = "jsoncpp", "jsoncpp\jsoncpp.vcproj", "{B84F7231-16CE-41D8-8C08-7B523FF4225B}"
EndProject
Project("{8BC9CEB8-8B4A-11D0-8D11-00A0C91BC942}") = "server_info", "server_info\server_info.vcproj", "{85E6ACDB-0D35-4383-99FC-1663B1B62AEA}"
	ProjectSection(ProjectDependencies) = postProject
		{AFAC911B-AB7F-4C1A-97A3-B02C5DD8FC9C} = {AFAC911B-AB7F-4C1A-97A3-B02C5DD8FC9C}
	EndProjectSection
EndProject
Project("{8BC9CEB8-8B4A-11D0-8D11-00A0C91BC942}") = "commonlib", "commonlib\commonlib.vcproj", "{847599E4-D51E-4339-81C2-CF1F84B0485C}"
	ProjectSection(ProjectDependencies) = postProject
		{C2C76108-38AB-4029-8B53-C4385C4E53F0} = {C2C76108-38AB-4029-8B53-C4385C4E53F0}
		{B84F7231-16CE-41D8-8C08-7B523FF4225B} = {B84F7231-16CE-41D8-8C08-7B523FF4225B}
		{C3A3F18C-0254-4FF7-8890-3C2422DA7957} = {C3A3F18C-0254-4FF7-8890-3C2422DA7957}
	EndProjectSection
EndProject
Project("{8BC9CEB8-8B4A-11D0-8D11-00A0C91BC942}") = "gameholder", "gameholder\gameholder.vcproj", "{6DC6401D-5242-4934-9F9C-1B85F6C3400E}"
	ProjectSection(ProjectDependencies) = postProject
		{E927FA1A-F2A4-4EDC-A514-291ABFF97EDC} = {E927FA1A-F2A4-4EDC-A514-291ABFF97EDC}
		{AFAC911B-AB7F-4C1A-97A3-B02C5DD8FC9C} = {AFAC911B-AB7F-4C1A-97A3-B02C5DD8FC9C}
		{AAFDE931-1D40-4C0E-B04B-EAEFB07FAB3A} = {AAFDE931-1D40-4C0E-B04B-EAEFB07FAB3A}
		{D2AA6E8B-7B2D-49D5-ACF7-78EE1BFCFD80} = {D2AA6E8B-7B2D-49D5-ACF7-78EE1BFCFD80}
		{106D0BD5-5339-48C0-A10C-4EAD7877B92C} = {106D0BD5-5339-48C0-A10C-4EAD7877B92C}
		{90FC8DE2-794C-4E8F-9923-D204767D6FFE} = {90FC8DE2-794C-4E8F-9923-D204767D6FFE}
		{847599E4-D51E-4339-81C2-CF1F84B0485C} = {847599E4-D51E-4339-81C2-CF1F84B0485C}
	EndProjectSection
EndProject
Project("{8BC9CEB8-8B4A-11D0-8D11-00A0C91BC942}") = "mfc_gameserver", "mfc_gameserver\mfc_gameserver.vcproj", "{24249C1F-A9F3-48DF-9B4A-3F89E80BCFD6}"
	ProjectSection(ProjectDependencies) = postProject
		{847599E4-D51E-4339-81C2-CF1F84B0485C} = {847599E4-D51E-4339-81C2-CF1F84B0485C}
		{581B8EEF-8D41-0000-0000-000000000000} = {581B8EEF-8D41-0000-0000-000000000000}
	EndProjectSection
EndProject
Project("{8BC9CEB8-8B4A-11D0-8D11-00A0C91BC942}") = "formula_cal", "formula_cal\formula_cal.vcproj", "{AAFDE931-1D40-4C0E-B04B-EAEFB07FAB3A}"
EndProject
Project("{8BC9CEB8-8B4A-11D0-8D11-00A0C91BC942}") = "sdnet", "sdnet\sdnet.vcproj", "{4C83993C-05AB-48BE-8549-1F91A9202219}"
EndProject
Project("{8BC9CEB8-8B4A-11D0-8D11-00A0C91BC942}") = "zlib", "zlib\zlib.vcproj", "{DCDA2A14-EFC8-4CDD-AFA2-C5081AF4551A}"
EndProject
Project("{8BC9CEB8-8B4A-11D0-8D11-00A0C91BC942}") = "navmesh", "navmesh\navmesh.vcproj", "{90FC8DE2-794C-4E8F-9923-D204767D6FFE}"
	ProjectSection(ProjectDependencies) = postProject
		{E927FA1A-F2A4-4EDC-A514-291ABFF97EDC} = {E927FA1A-F2A4-4EDC-A514-291ABFF97EDC}
		{641C5D2A-7104-4A7E-9BC2-7133CF4DE11B} = {641C5D2A-7104-4A7E-9BC2-7133CF4DE11B}
		{C3A3F18C-0254-4FF7-8890-3C2422DA7957} = {C3A3F18C-0254-4FF7-8890-3C2422DA7957}
	EndProjectSection
EndProject
Project("{8BC9CEB8-8B4A-11D0-8D11-00A0C91BC942}") = "grid_world", "grid_world\grid_world.vcproj", "{D2AA6E8B-7B2D-49D5-ACF7-78EE1BFCFD80}"
	ProjectSection(ProjectDependencies) = postProject
		{641C5D2A-7104-4A7E-9BC2-7133CF4DE11B} = {641C5D2A-7104-4A7E-9BC2-7133CF4DE11B}
	EndProjectSection
EndProject
Project("{8BC9CEB8-8B4A-11D0-8D11-00A0C91BC942}") = "box2d", "box2d\box2d.vcproj", "{106D0BD5-5339-48C0-A10C-4EAD7877B92C}"
EndProject
Global
	GlobalSection(SolutionConfigurationPlatforms) = preSolution
		Debug|Win32 = Debug|Win32
		Release|Win32 = Release|Win32
	EndGlobalSection
	GlobalSection(ProjectConfigurationPlatforms) = postSolution
		{641C5D2A-7104-4A7E-9BC2-7133CF4DE11B}.Debug|Win32.ActiveCfg = Debug|Win32
		{641C5D2A-7104-4A7E-9BC2-7133CF4DE11B}.Debug|Win32.Build.0 = Debug|Win32
		{641C5D2A-7104-4A7E-9BC2-7133CF4DE11B}.Release|Win32.ActiveCfg = Release|Win32
		{641C5D2A-7104-4A7E-9BC2-7133CF4DE11B}.Release|Win32.Build.0 = Release|Win32
		{581B8EEF-8D41-0000-0000-000000000000}.Debug|Win32.ActiveCfg = Debug|Win32
		{581B8EEF-8D41-0000-0000-000000000000}.Debug|Win32.Build.0 = Debug|Win32
		{581B8EEF-8D41-0000-0000-000000000000}.Release|Win32.ActiveCfg = Release|Win32
		{581B8EEF-8D41-0000-0000-000000000000}.Release|Win32.Build.0 = Release|Win32
		{E927FA1A-F2A4-4EDC-A514-291ABFF97EDC}.Debug|Win32.ActiveCfg = Debug|Win32
		{E927FA1A-F2A4-4EDC-A514-291ABFF97EDC}.Debug|Win32.Build.0 = Debug|Win32
		{E927FA1A-F2A4-4EDC-A514-291ABFF97EDC}.Release|Win32.ActiveCfg = Release|Win32
		{E927FA1A-F2A4-4EDC-A514-291ABFF97EDC}.Release|Win32.Build.0 = Release|Win32
		{C3A3F18C-0254-4FF7-8890-3C2422DA7957}.Debug|Win32.ActiveCfg = Debug|Win32
		{C3A3F18C-0254-4FF7-8890-3C2422DA7957}.Debug|Win32.Build.0 = Debug|Win32
		{C3A3F18C-0254-4FF7-8890-3C2422DA7957}.Release|Win32.ActiveCfg = Release|Win32
		{C3A3F18C-0254-4FF7-8890-3C2422DA7957}.Release|Win32.Build.0 = Release|Win32
		{AFAC911B-AB7F-4C1A-97A3-B02C5DD8FC9C}.Debug|Win32.ActiveCfg = Debug|Win32
		{AFAC911B-AB7F-4C1A-97A3-B02C5DD8FC9C}.Debug|Win32.Build.0 = Debug|Win32
		{AFAC911B-AB7F-4C1A-97A3-B02C5DD8FC9C}.Release|Win32.ActiveCfg = Release|Win32
		{AFAC911B-AB7F-4C1A-97A3-B02C5DD8FC9C}.Release|Win32.Build.0 = Release|Win32
		{CAFDE931-1D40-4C0E-B04B-EAEFB07FAB3F}.Debug|Win32.ActiveCfg = Debug|Win32
		{CAFDE931-1D40-4C0E-B04B-EAEFB07FAB3F}.Debug|Win32.Build.0 = Debug|Win32
		{CAFDE931-1D40-4C0E-B04B-EAEFB07FAB3F}.Release|Win32.ActiveCfg = Release|Win32
		{CAFDE931-1D40-4C0E-B04B-EAEFB07FAB3F}.Release|Win32.Build.0 = Release|Win32
		{629A07CF-EF39-40E8-A17B-FF71D607B229}.Debug|Win32.ActiveCfg = Debug|Win32
		{629A07CF-EF39-40E8-A17B-FF71D607B229}.Debug|Win32.Build.0 = Debug|Win32
		{629A07CF-EF39-40E8-A17B-FF71D607B229}.Release|Win32.ActiveCfg = Release|Win32
		{629A07CF-EF39-40E8-A17B-FF71D607B229}.Release|Win32.Build.0 = Release|Win32
		{581B8EEF-8D41-445E-A83A-3024285F6DF9}.Debug|Win32.ActiveCfg = Debug|Win32
		{581B8EEF-8D41-445E-A83A-3024285F6DF9}.Debug|Win32.Build.0 = Debug|Win32
		{581B8EEF-8D41-445E-A83A-3024285F6DF9}.Release|Win32.ActiveCfg = Release|Win32
		{581B8EEF-8D41-445E-A83A-3024285F6DF9}.Release|Win32.Build.0 = Release|Win32
		{C2C76108-38AB-4029-8B53-C4385C4E53F0}.Debug|Win32.ActiveCfg = Debug|Win32
		{C2C76108-38AB-4029-8B53-C4385C4E53F0}.Debug|Win32.Build.0 = Debug|Win32
		{C2C76108-38AB-4029-8B53-C4385C4E53F0}.Release|Win32.ActiveCfg = Release|Win32
		{C2C76108-38AB-4029-8B53-C4385C4E53F0}.Release|Win32.Build.0 = Release|Win32
		{B84F7231-16CE-41D8-8C08-7B523FF4225B}.Debug|Win32.ActiveCfg = Debug|Win32
		{B84F7231-16CE-41D8-8C08-7B523FF4225B}.Debug|Win32.Build.0 = Debug|Win32
		{B84F7231-16CE-41D8-8C08-7B523FF4225B}.Release|Win32.ActiveCfg = Release|Win32
		{B84F7231-16CE-41D8-8C08-7B523FF4225B}.Release|Win32.Build.0 = Release|Win32
		{85E6ACDB-0D35-4383-99FC-1663B1B62AEA}.Debug|Win32.ActiveCfg = Debug|Win32
		{85E6ACDB-0D35-4383-99FC-1663B1B62AEA}.Debug|Win32.Build.0 = Debug|Win32
		{85E6ACDB-0D35-4383-99FC-1663B1B62AEA}.Release|Win32.ActiveCfg = Release|Win32
		{85E6ACDB-0D35-4383-99FC-1663B1B62AEA}.Release|Win32.Build.0 = Release|Win32
		{847599E4-D51E-4339-81C2-CF1F84B0485C}.Debug|Win32.ActiveCfg = Debug|Win32
		{847599E4-D51E-4339-81C2-CF1F84B0485C}.Debug|Win32.Build.0 = Debug|Win32
		{847599E4-D51E-4339-81C2-CF1F84B0485C}.Release|Win32.ActiveCfg = Release|Win32
		{847599E4-D51E-4339-81C2-CF1F84B0485C}.Release|Win32.Build.0 = Release|Win32
		{6DC6401D-5242-4934-9F9C-1B85F6C3400E}.Debug|Win32.ActiveCfg = Debug|Win32
		{6DC6401D-5242-4934-9F9C-1B85F6C3400E}.Debug|Win32.Build.0 = Debug|Win32
		{6DC6401D-5242-4934-9F9C-1B85F6C3400E}.Release|Win32.ActiveCfg = Release|Win32
		{6DC6401D-5242-4934-9F9C-1B85F6C3400E}.Release|Win32.Build.0 = Release|Win32
		{24249C1F-A9F3-48DF-9B4A-3F89E80BCFD6}.Debug|Win32.ActiveCfg = Debug|Win32
		{24249C1F-A9F3-48DF-9B4A-3F89E80BCFD6}.Debug|Win32.Build.0 = Debug|Win32
		{24249C1F-A9F3-48DF-9B4A-3F89E80BCFD6}.Release|Win32.ActiveCfg = Release|Win32
		{24249C1F-A9F3-48DF-9B4A-3F89E80BCFD6}.Release|Win32.Build.0 = Release|Win32
		{AAFDE931-1D40-4C0E-B04B-EAEFB07FAB3A}.Debug|Win32.ActiveCfg = Debug|Win32
		{AAFDE931-1D40-4C0E-B04B-EAEFB07FAB3A}.Debug|Win32.Build.0 = Debug|Win32
		{AAFDE931-1D40-4C0E-B04B-EAEFB07FAB3A}.Release|Win32.ActiveCfg = Release|Win32
		{AAFDE931-1D40-4C0E-B04B-EAEFB07FAB3A}.Release|Win32.Build.0 = Release|Win32
		{4C83993C-05AB-48BE-8549-1F91A9202219}.Debug|Win32.ActiveCfg = Debug|Win32
		{4C83993C-05AB-48BE-8549-1F91A9202219}.Debug|Win32.Build.0 = Debug|Win32
		{4C83993C-05AB-48BE-8549-1F91A9202219}.Release|Win32.ActiveCfg = Release|Win32
		{4C83993C-05AB-48BE-8549-1F91A9202219}.Release|Win32.Build.0 = Release|Win32
		{DCDA2A14-EFC8-4CDD-AFA2-C5081AF4551A}.Debug|Win32.ActiveCfg = Debug|Win32
		{DCDA2A14-EFC8-4CDD-AFA2-C5081AF4551A}.Debug|Win32.Build.0 = Debug|Win32
		{DCDA2A14-EFC8-4CDD-AFA2-C5081AF4551A}.Release|Win32.ActiveCfg = Release|Win32
		{DCDA2A14-EFC8-4CDD-AFA2-C5081AF4551A}.Release|Win32.Build.0 = Release|Win32
		{90FC8DE2-794C-4E8F-9923-D204767D6FFE}.Debug|Win32.ActiveCfg = Debug|Win32
		{90FC8DE2-794C-4E8F-9923-D204767D6FFE}.Debug|Win32.Build.0 = Debug|Win32
		{90FC8DE2-794C-4E8F-9923-D204767D6FFE}.Release|Win32.ActiveCfg = Release|Win32
		{90FC8DE2-794C-4E8F-9923-D204767D6FFE}.Release|Win32.Build.0 = Release|Win32
		{D2AA6E8B-7B2D-49D5-ACF7-78EE1BFCFD80}.Debug|Win32.ActiveCfg = Debug|Win32
		{D2AA6E8B-7B2D-49D5-ACF7-78EE1BFCFD80}.Debug|Win32.Build.0 = Debug|Win32
		{D2AA6E8B-7B2D-49D5-ACF7-78EE1BFCFD80}.Release|Win32.ActiveCfg = Release|Win32
		{D2AA6E8B-7B2D-49D5-ACF7-78EE1BFCFD80}.Release|Win32.Build.0 = Release|Win32
		{106D0BD5-5339-48C0-A10C-4EAD7877B92C}.Debug|Win32.ActiveCfg = Debug|Win32
		{106D0BD5-5339-48C0-A10C-4EAD7877B92C}.Debug|Win32.Build.0 = Debug|Win32
		{106D0BD5-5339-48C0-A10C-4EAD7877B92C}.Release|Win32.ActiveCfg = Release|Win32
		{106D0BD5-5339-48C0-A10C-4EAD7877B92C}.Release|Win32.Build.0 = Release|Win32
	EndGlobalSection
	GlobalSection(SolutionProperties) = preSolution
		HideSolutionNode = FALSE
	EndGlobalSection
EndGlobal
