
Microsoft Visual Studio Solution File, Format Version 10.00
# Visual Studio 2008
Project("{8BC9CEB8-8B4A-11D0-8D11-00A0C91BC942}") = "sdu", "sdu\sdu.vcproj", "{641C5D2A-7104-4A7E-9BC2-7133CF4DE11B}"
EndProject
Project("{8BC9CEB8-8B4A-11D0-8D11-00A0C91BC942}") = "sdnet", "sdnet\sdnet.vcproj", "{4C83993C-05AB-48BE-8549-1F91A9202219}"
	ProjectSection(ProjectDependencies) = postProject
		{641C5D2A-7104-4A7E-9BC2-7133CF4DE11B} = {641C5D2A-7104-4A7E-9BC2-7133CF4DE11B}
	EndProjectSection
EndProject
Project("{8BC9CEB8-8B4A-11D0-8D11-00A0C91BC942}") = "collision", "collision\collision.vcproj", "{E927FA1A-F2A4-4EDC-A514-291ABFF97EDC}"
	ProjectSection(ProjectDependencies) = postProject
		{641C5D2A-7104-4A7E-9BC2-7133CF4DE11B} = {641C5D2A-7104-4A7E-9BC2-7133CF4DE11B}
		{C3A3F18C-0254-4FF7-8890-3C2422DA7957} = {C3A3F18C-0254-4FF7-8890-3C2422DA7957}
	EndProjectSection
EndProject
Project("{8BC9CEB8-8B4A-11D0-8D11-00A0C91BC942}") = "tinyxml", "tinyxml\tinyxml.vcproj", "{C3A3F18C-0254-4FF7-8890-3C2422DA7957}"
EndProject
Project("{8BC9CEB8-8B4A-11D0-8D11-00A0C91BC942}") = "transfer", "transfer\Transfer.vcproj", "{AFAC911B-AB7F-4C1A-97A3-B02C5DD8FC9C}"
	ProjectSection(ProjectDependencies) = postProject
		{DCDA2A14-EFC8-4CDD-AFA2-C5081AF4551A} = {DCDA2A14-EFC8-4CDD-AFA2-C5081AF4551A}
		{641C5D2A-7104-4A7E-9BC2-7133CF4DE11B} = {641C5D2A-7104-4A7E-9BC2-7133CF4DE11B}
		{B84F7231-16CE-41D8-8C08-7B523FF4225B} = {B84F7231-16CE-41D8-8C08-7B523FF4225B}
		{C3A3F18C-0254-4FF7-8890-3C2422DA7957} = {C3A3F18C-0254-4FF7-8890-3C2422DA7957}
		{629A07CF-EF39-40E8-A17B-FF71D607B229} = {629A07CF-EF39-40E8-A17B-FF71D607B229}
	EndProjectSection
EndProject
Project("{8BC9CEB8-8B4A-11D0-8D11-00A0C91BC942}") = "net_manager", "net_manager\net_manager.vcproj", "{629A07CF-EF39-40E8-A17B-FF71D607B229}"
EndProject
Project("{8BC9CEB8-8B4A-11D0-8D11-00A0C91BC942}") = "robot", "robot\robot.vcproj", "{DD2A5A79-C560-43C4-8FDB-27A4C4251E15}"
	ProjectSection(ProjectDependencies) = postProject
		{AFAC911B-AB7F-4C1A-97A3-B02C5DD8FC9C} = {AFAC911B-AB7F-4C1A-97A3-B02C5DD8FC9C}
		{847599E4-D51E-4339-81C2-CF1F84B0485C} = {847599E4-D51E-4339-81C2-CF1F84B0485C}
	EndProjectSection
EndProject
Project("{8BC9CEB8-8B4A-11D0-8D11-00A0C91BC942}") = "commonlib", "commonlib\commonlib.vcproj", "{847599E4-D51E-4339-81C2-CF1F84B0485C}"
EndProject
Project("{8BC9CEB8-8B4A-11D0-8D11-00A0C91BC942}") = "jsoncpp", "jsoncpp\jsoncpp.vcproj", "{B84F7231-16CE-41D8-8C08-7B523FF4225B}"
EndProject
Project("{8BC9CEB8-8B4A-11D0-8D11-00A0C91BC942}") = "zlib", "zlib\zlib.vcproj", "{DCDA2A14-EFC8-4CDD-AFA2-C5081AF4551A}"
EndProject
Global
	GlobalSection(SolutionConfigurationPlatforms) = preSolution
		Debug|Win32 = Debug|Win32
		Release|Win32 = Release|Win32
	EndGlobalSection
	GlobalSection(ProjectConfigurationPlatforms) = postSolution
		{641C5D2A-7104-4A7E-9BC2-7133CF4DE11B}.Debug|Win32.ActiveCfg = Debug|Win32
		{641C5D2A-7104-4A7E-9BC2-7133CF4DE11B}.Debug|Win32.Build.0 = Debug|Win32
		{641C5D2A-7104-4A7E-9BC2-7133CF4DE11B}.Release|Win32.ActiveCfg = Release|Win32
		{641C5D2A-7104-4A7E-9BC2-7133CF4DE11B}.Release|Win32.Build.0 = Release|Win32
		{4C83993C-05AB-48BE-8549-1F91A9202219}.Debug|Win32.ActiveCfg = Debug|Win32
		{4C83993C-05AB-48BE-8549-1F91A9202219}.Debug|Win32.Build.0 = Debug|Win32
		{4C83993C-05AB-48BE-8549-1F91A9202219}.Release|Win32.ActiveCfg = Release|Win32
		{4C83993C-05AB-48BE-8549-1F91A9202219}.Release|Win32.Build.0 = Release|Win32
		{E927FA1A-F2A4-4EDC-A514-291ABFF97EDC}.Debug|Win32.ActiveCfg = Debug|Win32
		{E927FA1A-F2A4-4EDC-A514-291ABFF97EDC}.Debug|Win32.Build.0 = Debug|Win32
		{E927FA1A-F2A4-4EDC-A514-291ABFF97EDC}.Release|Win32.ActiveCfg = Release|Win32
		{E927FA1A-F2A4-4EDC-A514-291ABFF97EDC}.Release|Win32.Build.0 = Release|Win32
		{C3A3F18C-0254-4FF7-8890-3C2422DA7957}.Debug|Win32.ActiveCfg = Debug|Win32
		{C3A3F18C-0254-4FF7-8890-3C2422DA7957}.Debug|Win32.Build.0 = Debug|Win32
		{C3A3F18C-0254-4FF7-8890-3C2422DA7957}.Release|Win32.ActiveCfg = Release|Win32
		{C3A3F18C-0254-4FF7-8890-3C2422DA7957}.Release|Win32.Build.0 = Release|Win32
		{AFAC911B-AB7F-4C1A-97A3-B02C5DD8FC9C}.Debug|Win32.ActiveCfg = Debug|Win32
		{AFAC911B-AB7F-4C1A-97A3-B02C5DD8FC9C}.Debug|Win32.Build.0 = Debug|Win32
		{AFAC911B-AB7F-4C1A-97A3-B02C5DD8FC9C}.Release|Win32.ActiveCfg = Release|Win32
		{AFAC911B-AB7F-4C1A-97A3-B02C5DD8FC9C}.Release|Win32.Build.0 = Release|Win32
		{629A07CF-EF39-40E8-A17B-FF71D607B229}.Debug|Win32.ActiveCfg = Debug|Win32
		{629A07CF-EF39-40E8-A17B-FF71D607B229}.Debug|Win32.Build.0 = Debug|Win32
		{629A07CF-EF39-40E8-A17B-FF71D607B229}.Release|Win32.ActiveCfg = Release|Win32
		{629A07CF-EF39-40E8-A17B-FF71D607B229}.Release|Win32.Build.0 = Release|Win32
		{DD2A5A79-C560-43C4-8FDB-27A4C4251E15}.Debug|Win32.ActiveCfg = Debug|Win32
		{DD2A5A79-C560-43C4-8FDB-27A4C4251E15}.Debug|Win32.Build.0 = Debug|Win32
		{DD2A5A79-C560-43C4-8FDB-27A4C4251E15}.Release|Win32.ActiveCfg = Release|Win32
		{DD2A5A79-C560-43C4-8FDB-27A4C4251E15}.Release|Win32.Build.0 = Release|Win32
		{847599E4-D51E-4339-81C2-CF1F84B0485C}.Debug|Win32.ActiveCfg = Debug|Win32
		{847599E4-D51E-4339-81C2-CF1F84B0485C}.Debug|Win32.Build.0 = Debug|Win32
		{847599E4-D51E-4339-81C2-CF1F84B0485C}.Release|Win32.ActiveCfg = Release|Win32
		{847599E4-D51E-4339-81C2-CF1F84B0485C}.Release|Win32.Build.0 = Release|Win32
		{B84F7231-16CE-41D8-8C08-7B523FF4225B}.Debug|Win32.ActiveCfg = Debug|Win32
		{B84F7231-16CE-41D8-8C08-7B523FF4225B}.Debug|Win32.Build.0 = Debug|Win32
		{B84F7231-16CE-41D8-8C08-7B523FF4225B}.Release|Win32.ActiveCfg = Release|Win32
		{B84F7231-16CE-41D8-8C08-7B523FF4225B}.Release|Win32.Build.0 = Release|Win32
		{DCDA2A14-EFC8-4CDD-AFA2-C5081AF4551A}.Debug|Win32.ActiveCfg = Debug|Win32
		{DCDA2A14-EFC8-4CDD-AFA2-C5081AF4551A}.Debug|Win32.Build.0 = Debug|Win32
		{DCDA2A14-EFC8-4CDD-AFA2-C5081AF4551A}.Release|Win32.ActiveCfg = Release|Win32
		{DCDA2A14-EFC8-4CDD-AFA2-C5081AF4551A}.Release|Win32.Build.0 = Release|Win32
	EndGlobalSection
	GlobalSection(SolutionProperties) = preSolution
		HideSolutionNode = FALSE
	EndGlobalSection
EndGlobal
