Microsoft Visual Studio Solution File, Format Version 10.00
# Visual Studio 2008
Project("{8BC9CEB8-8B4A-11D0-8D11-00A0C91BC942}") = "net_manager", "net_manager.vcproj", "{629A07CF-EF39-40E8-A17B-FF71D607B229}"
EndProject
Global
	GlobalSection(SolutionConfigurationPlatforms) = preSolution
		Debug|Win32 = Debug|Win32
		Release|Win32 = Release|Win32
	EndGlobalSection
	GlobalSection(ProjectConfigurationPlatforms) = postSolution
		{629A07CF-EF39-40E8-A17B-FF71D607B229}.Debug|Win32.ActiveCfg = Debug|Win32
		{629A07CF-EF39-40E8-A17B-FF71D607B229}.Debug|Win32.Build.0 = Debug|Win32
		{629A07CF-EF39-40E8-A17B-FF71D607B229}.Release|Win32.ActiveCfg = Release|Win32
		{629A07CF-EF39-40E8-A17B-FF71D607B229}.Release|Win32.Build.0 = Release|Win32
	EndGlobalSection
	GlobalSection(SolutionProperties) = preSolution
		HideSolutionNode = FALSE
	EndGlobalSection
EndGlobal
